{
  "version": "3",
  "packages": {
    "specifiers": {
      "jsr:@std/assert@^0.217": "jsr:@std/assert@0.217.0",
      "jsr:@std/assert@^0.217.0": "jsr:@std/assert@0.217.0",
      "jsr:@std/bytes@^1.0.1": "jsr:@std/bytes@1.0.1",
      "jsr:@std/cli@^0.217": "jsr:@std/cli@0.217.0",
      "jsr:@std/collections@^1.0.2": "jsr:@std/collections@1.0.2",
      "jsr:@std/fmt@^0.217.0": "jsr:@std/fmt@0.217.0",
      "jsr:@std/ulid@^0.224.1": "jsr:@std/ulid@0.224.1",
      "npm:@deno/kv": "npm:@deno/kv@0.7.0",
      "npm:@types/node": "npm:@types/node@18.16.19",
      "npm:zod@^3.22": "npm:zod@3.23.8"
    },
    "jsr": {
      "@std/assert@0.217.0": {
        "integrity": "c98e279362ca6982d5285c3b89517b757c1e3477ee9f14eb2fdf80a45aaa9642",
        "dependencies": [
          "jsr:@std/fmt@^0.217.0"
        ]
      },
      "@std/bytes@1.0.1": {
        "integrity": "e57c9b243932b95a4c3672f8a038cdadea7492efeeb6b8a774844fee70426815"
      },
      "@std/cli@0.217.0": {
        "integrity": "5c25bd040cd0bbc11707ecaa7ce9c41314d02ce46f45709822bbd0f92c35fee8",
        "dependencies": [
          "jsr:@std/assert@^0.217.0"
        ]
      },
      "@std/collections@1.0.2": {
        "integrity": "cb1834be534f967e86495f6c64fa06f6b3debdaab5b860c2d3194db59cd30157"
      },
      "@std/fmt@0.217.0": {
        "integrity": "cb99f82500b8da20202fedfa8bb94dd0222e81f0494ed9087de20ee3d8a39a8d"
      },
      "@std/ulid@0.224.1": {
        "integrity": "4de06fdb030ff3990b1b0344e330373c11ce6051ac449fc435667a485a6723fa"
      }
    },
    "npm": {
      "@deno/kv-darwin-arm64@0.7.0": {
        "integrity": "sha512-PaTriht31Rb08TwWdAkmODrLNnGnl9l8nlF/0aae/v7dzJ5FeaoX+0RgxTD+m90quG3ynsdLsY8iCa+st+MkiA==",
        "dependencies": {}
      },
      "@deno/kv-darwin-x64@0.7.0": {
        "integrity": "sha512-Yw4Gmn6opUJ6ZVuztNaGS4yt11KyJI/juTAyzNiY5H3VhHD7xVm+peG4SGkr6Hq/vXVGcQM3Lldw5b3aJJQYSg==",
        "dependencies": {}
      },
      "@deno/kv-linux-x64-gnu@0.7.0": {
        "integrity": "sha512-D6xJcx4HSUbgomxGV2lGUgKrRmwHNMmCbu8XRxBjIgpsKrFK1W6w+KitI92wMCgEIOAFAnfeyrYxtMzh2ZdYTw==",
        "dependencies": {}
      },
      "@deno/kv-win32-x64-msvc@0.7.0": {
        "integrity": "sha512-0UWf6a+T7e/1uOcUgUKTrMupIQSnCI02856ecu9JwutajSvvbSgoi+jpmaUnYW6QqcXjY8ECI/28CQi1DvYYhw==",
        "dependencies": {}
      },
      "@deno/kv@0.7.0": {
        "integrity": "sha512-+vYCIWDQq+03RKwh85WDBVplwT7gimcLyLezj6C3OuMwaTWfPy9NVmA5y4Mwpoht0+H4CjknEUE7LrfZJAcQ7w==",
        "dependencies": {
          "@deno/kv-darwin-arm64": "@deno/kv-darwin-arm64@0.7.0",
          "@deno/kv-darwin-x64": "@deno/kv-darwin-x64@0.7.0",
          "@deno/kv-linux-x64-gnu": "@deno/kv-linux-x64-gnu@0.7.0",
          "@deno/kv-win32-x64-msvc": "@deno/kv-win32-x64-msvc@0.7.0"
        }
      },
      "@types/node@18.16.19": {
        "integrity": "sha512-IXl7o+R9iti9eBW4Wg2hx1xQDig183jj7YLn8F7udNceyfkbn1ZxmzZXuak20gR40D7pIkIY1kYGx5VIGbaHKA==",
        "dependencies": {}
      },
      "zod@3.23.8": {
        "integrity": "sha512-XBx9AXhXktjUqnepgTiE5flcKIYWi/rme0Eaj+5Y0lftuGBq+jyRu/md4WnuxqgP1ubdpNCsYEYPxrzVHD8d6g==",
        "dependencies": {}
      }
    }
  },
  "remote": {}
}
